{
  "name": "asteroidz",
  "version": "0.0.0",
  "lockfileVersion": 3,
  "requires": true,
  "packages": {
    "": {
      "name": "asteroidz",
      "version": "0.0.0",
      "workspaces": [
        "shared",
        "client",
        "server"
      ],
      "devDependencies": {
        "typescript": "~5.8.0"
      }
    },
    "client": {
      "name": "@asteroidz/client",
      "version": "0.0.0",
      "dependencies": {
        "@asteroidz/shared": "*"
      }
    },
    "node_modules/@asteroidz/client": {
      "resolved": "client",
      "link": true
    },
    "node_modules/@asteroidz/server": {
      "resolved": "server",
      "link": true
    },
    "node_modules/@asteroidz/shared": {
      "resolved": "shared",
      "link": true
    },
    "node_modules/typescript": {
      "version": "5.8.3",
      "resolved": "https://registry.npmjs.org/typescript/-/typescript-5.8.3.tgz",
      "integrity": "sha512-p1diW6TqL9L07nNxvRMM7hMMw4c5XOo/1ibL4aAIGmSAt9slTE1Xgw5KWuof2uTOvCg9BY7ZRi+GaF+7sfgPeQ==",
      "dev": true,
      "license": "Apache-2.0",
      "bin": {
        "tsc": "bin/tsc",
        "tsserver": "bin/tsserver"
      },
      "engines": {
        "node": ">=14.17"
      }
    },
    "server": {
      "name": "@asteroidz/server",
      "version": "0.0.0",
      "dependencies": {
        "@asteroidz/shared": "*"
      }
    },
    "shared": {
      "name": "@asteroidz/shared",
      "version": "0.0.0"
    }
  }
}
